
Microsoft Visual Studio Solution File, Format Version 12.00
# Visual Studio Version 17
VisualStudioVersion = 17.9.34728.123
MinimumVisualStudioVersion = 10.0.40219.1
Project("{FAE04EC0-301F-11D3-BF4B-00C04F79EFBC}") = "DeploymentApp", "DeploymentApp\DeploymentApp.csproj", "{00204CA2-ECC9-4FF7-9181-D6A5E3828521}"
EndProject
Global
	GlobalSection(SolutionConfigurationPlatforms) = preSolution
		Debug|Any CPU = Debug|Any CPU
		Release|Any CPU = Release|Any CPU
	EndGlobalSection
	GlobalSection(ProjectConfigurationPlatforms) = postSolution
		{00204CA2-ECC9-4FF7-9181-D6A5E3828521}.Debug|Any CPU.ActiveCfg = Debug|Any CPU
		{00204CA2-ECC9-4FF7-9181-D6A5E3828521}.Debug|Any CPU.Build.0 = Debug|Any CPU
		{00204CA2-ECC9-4FF7-9181-D6A5E3828521}.Release|Any CPU.ActiveCfg = Release|Any CPU
		{00204CA2-ECC9-4FF7-9181-D6A5E3828521}.Release|Any CPU.Build.0 = Release|Any CPU
	EndGlobalSection
	GlobalSection(SolutionProperties) = preSolution
		HideSolutionNode = FALSE
	EndGlobalSection
	GlobalSection(ExtensibilityGlobals) = postSolution
		SolutionGuid = {BCF7C2C5-8F5B-47CC-8894-B69174640A2E}
	EndGlobalSection
EndGlobal
